# This file is automatically @generated by Cargo.
# It is not intended for manual editing.
version = 3

[[package]]
name = "cli-animate"
version = "0.1.0"
source = "registry+https://github.com/rust-lang/crates.io-index"
checksum = "5516410a598ee215f57e964a65536f8df5cb0c172b7fdaba0f35ced457e1a420"

[[package]]
name = "diff"
version = "0.1.13"
source = "registry+https://github.com/rust-lang/crates.io-index"
checksum = "56254986775e3233ffa9c4d7d3faaf6d36a2c09d30b20687e9f88bc8bafc16c8"

[[package]]
name = "either"
version = "1.11.0"
source = "registry+https://github.com/rust-lang/crates.io-index"
checksum = "a47c1c47d2f5964e29c61246e81db715514cd532db6b5116a25ea3c03d6780a2"

[[package]]
name = "elevator"
version = "0.1.0"
dependencies = [
 "cli-animate",
 "itertools",
 "pretty_assertions",
]

[[package]]
name = "itertools"
version = "0.12.1"
source = "registry+https://github.com/rust-lang/crates.io-index"
checksum = "ba291022dbbd398a455acf126c1e341954079855bc60dfdda641363bd6922569"
dependencies = [
 "either",
]

[[package]]
name = "pretty_assertions"
version = "1.4.0"
source = "registry+https://github.com/rust-lang/crates.io-index"
checksum = "af7cee1a6c8a5b9208b3cb1061f10c0cb689087b3d8ce85fb9d2dd7a29b6ba66"
dependencies = [
 "diff",
 "yansi",
]

[[package]]
name = "yansi"
version = "0.5.1"
source = "registry+https://github.com/rust-lang/crates.io-index"
checksum = "09041cd90cf85f7f8b2df60c646f853b7f535ce68f85244eb6731cf89fa498ec"
